Microsoft Visual Studio Solution File, Format Version 12.00
# Visual Studio Version 18
VisualStudioVersion = 18.3.11520.95 d18.3
MinimumVisualStudioVersion = 10.0.40219.1
Project("{FAE04EC0-301F-11D3-BF4B-00C04F79EFBC}") = "FinTrack.Shared", "src\FinTrack.Shared\FinTrack.Shared.csproj", "{00000000-0000-0000-0000-000000000001}"
EndProject
Project("{FAE04EC0-301F-11D3-BF4B-00C04F79EFBC}") = "FinTrack.Auth.Domain", "src\FinTrack.Auth\Domain\FinTrack.Auth.Domain.csproj", "{00000000-0000-0000-0000-000000000002}"
EndProject
Project("{FAE04EC0-301F-11D3-BF4B-00C04F79EFBC}") = "FinTrack.Auth.Application", "src\FinTrack.Auth\Application\FinTrack.Auth.Application.csproj", "{00000000-0000-0000-0000-000000000003}"
EndProject
Project("{FAE04EC0-301F-11D3-BF4B-00C04F79EFBC}") = "FinTrack.Auth.Infrastructure", "src\FinTrack.Auth\Infrastructure\FinTrack.Auth.Infrastructure.csproj", "{00000000-0000-0000-0000-000000000004}"
EndProject
Project("{FAE04EC0-301F-11D3-BF4B-00C04F79EFBC}") = "FinTrack.Auth.API", "src\FinTrack.Auth\API\FinTrack.Auth.API.csproj", "{00000000-0000-0000-0000-000000000005}"
EndProject
Project("{FAE04EC0-301F-11D3-BF4B-00C04F79EFBC}") = "FinTrack.Account.Domain", "src\FinTrack.Account\Domain\FinTrack.Account.Domain.csproj", "{00000000-0000-0000-0000-000000000006}"
EndProject
Project("{FAE04EC0-301F-11D3-BF4B-00C04F79EFBC}") = "FinTrack.Account.Application", "src\FinTrack.Account\Application\FinTrack.Account.Application.csproj", "{00000000-0000-0000-0000-000000000007}"
EndProject
Project("{FAE04EC0-301F-11D3-BF4B-00C04F79EFBC}") = "FinTrack.Account.Infrastructure", "src\FinTrack.Account\Infrastructure\FinTrack.Account.Infrastructure.csproj", "{00000000-0000-0000-0000-000000000008}"
EndProject
Project("{FAE04EC0-301F-11D3-BF4B-00C04F79EFBC}") = "FinTrack.Account.API", "src\FinTrack.Account\API\FinTrack.Account.API.csproj", "{00000000-0000-0000-0000-000000000009}"
EndProject
Project("{FAE04EC0-301F-11D3-BF4B-00C04F79EFBC}") = "FinTrack.Transaction.Domain", "src\FinTrack.Transaction\Domain\FinTrack.Transaction.Domain.csproj", "{00000000-0000-0000-0000-000000000010}"
EndProject
Project("{FAE04EC0-301F-11D3-BF4B-00C04F79EFBC}") = "FinTrack.Transaction.Application", "src\FinTrack.Transaction\Application\FinTrack.Transaction.Application.csproj", "{00000000-0000-0000-0000-000000000011}"
EndProject
Project("{FAE04EC0-301F-11D3-BF4B-00C04F79EFBC}") = "FinTrack.Transaction.Infrastructure", "src\FinTrack.Transaction\Infrastructure\FinTrack.Transaction.Infrastructure.csproj", "{00000000-0000-0000-0000-000000000012}"
EndProject
Project("{FAE04EC0-301F-11D3-BF4B-00C04F79EFBC}") = "FinTrack.Transaction.API", "src\FinTrack.Transaction\API\FinTrack.Transaction.API.csproj", "{00000000-0000-0000-0000-000000000013}"
EndProject
Project("{FAE04EC0-301F-11D3-BF4B-00C04F79EFBC}") = "FinTrack.Notification.Domain", "src\FinTrack.Notification\Domain\FinTrack.Notification.Domain.csproj", "{00000000-0000-0000-0000-000000000014}"
EndProject
Project("{FAE04EC0-301F-11D3-BF4B-00C04F79EFBC}") = "FinTrack.Notification.Application", "src\FinTrack.Notification\Application\FinTrack.Notification.Application.csproj", "{00000000-0000-0000-0000-000000000015}"
EndProject
Project("{FAE04EC0-301F-11D3-BF4B-00C04F79EFBC}") = "FinTrack.Notification.Infrastructure", "src\FinTrack.Notification\Infrastructure\FinTrack.Notification.Infrastructure.csproj", "{00000000-0000-0000-0000-000000000016}"
EndProject
Project("{FAE04EC0-301F-11D3-BF4B-00C04F79EFBC}") = "FinTrack.Notification.API", "src\FinTrack.Notification\API\FinTrack.Notification.API.csproj", "{00000000-0000-0000-0000-000000000017}"
EndProject
Project("{2150E333-8FDC-42A3-9474-1A3956D46DE8}") = "src", "src", "{B51A2E7D-88B3-4F45-8492-F6CC12F0CB14}"
EndProject
Project("{2150E333-8FDC-42A3-9474-1A3956D46DE8}") = "Account", "Account", "{33A8A5E5-FE47-4A85-9A4F-CF5CB485CEF8}"
EndProject
Project("{2150E333-8FDC-42A3-9474-1A3956D46DE8}") = "Auth", "Auth", "{9D722455-EC65-42E9-92F8-029F7CB2409A}"
EndProject
Project("{2150E333-8FDC-42A3-9474-1A3956D46DE8}") = "Notification", "Notification", "{A50EE26E-C508-4242-AA85-E4BCB9DDE2E4}"
EndProject
Project("{2150E333-8FDC-42A3-9474-1A3956D46DE8}") = "Shared", "Shared", "{B1EA8BB4-5AF1-4EAD-B08C-2297C7F534F1}"
EndProject
Project("{2150E333-8FDC-42A3-9474-1A3956D46DE8}") = "Transaction", "Transaction", "{6BF84001-2107-456D-93A1-C265B8AA56D8}"
EndProject
Global
	GlobalSection(SolutionConfigurationPlatforms) = preSolution
		Debug|Any CPU = Debug|Any CPU
		Release|Any CPU = Release|Any CPU
	EndGlobalSection
	GlobalSection(ProjectConfigurationPlatforms) = postSolution
		{00000000-0000-0000-0000-000000000001}.Debug|Any CPU.ActiveCfg = Debug|Any CPU
		{00000000-0000-0000-0000-000000000001}.Debug|Any CPU.Build.0 = Debug|Any CPU
		{00000000-0000-0000-0000-000000000001}.Release|Any CPU.ActiveCfg = Release|Any CPU
		{00000000-0000-0000-0000-000000000001}.Release|Any CPU.Build.0 = Release|Any CPU
		{00000000-0000-0000-0000-000000000002}.Debug|Any CPU.ActiveCfg = Debug|Any CPU
		{00000000-0000-0000-0000-000000000002}.Debug|Any CPU.Build.0 = Debug|Any CPU
		{00000000-0000-0000-0000-000000000002}.Release|Any CPU.ActiveCfg = Release|Any CPU
		{00000000-0000-0000-0000-000000000002}.Release|Any CPU.Build.0 = Release|Any CPU
		{00000000-0000-0000-0000-000000000003}.Debug|Any CPU.ActiveCfg = Debug|Any CPU
		{00000000-0000-0000-0000-000000000003}.Debug|Any CPU.Build.0 = Debug|Any CPU
		{00000000-0000-0000-0000-000000000003}.Release|Any CPU.ActiveCfg = Release|Any CPU
		{00000000-0000-0000-0000-000000000003}.Release|Any CPU.Build.0 = Release|Any CPU
		{00000000-0000-0000-0000-000000000004}.Debug|Any CPU.ActiveCfg = Debug|Any CPU
		{00000000-0000-0000-0000-000000000004}.Debug|Any CPU.Build.0 = Debug|Any CPU
		{00000000-0000-0000-0000-000000000004}.Release|Any CPU.ActiveCfg = Release|Any CPU
		{00000000-0000-0000-0000-000000000004}.Release|Any CPU.Build.0 = Release|Any CPU
		{00000000-0000-0000-0000-000000000005}.Debug|Any CPU.ActiveCfg = Debug|Any CPU
		{00000000-0000-0000-0000-000000000005}.Debug|Any CPU.Build.0 = Debug|Any CPU
		{00000000-0000-0000-0000-000000000005}.Release|Any CPU.ActiveCfg = Release|Any CPU
		{00000000-0000-0000-0000-000000000005}.Release|Any CPU.Build.0 = Release|Any CPU
		{00000000-0000-0000-0000-000000000006}.Debug|Any CPU.ActiveCfg = Debug|Any CPU
		{00000000-0000-0000-0000-000000000006}.Debug|Any CPU.Build.0 = Debug|Any CPU
		{00000000-0000-0000-0000-000000000006}.Release|Any CPU.ActiveCfg = Release|Any CPU
		{00000000-0000-0000-0000-000000000006}.Release|Any CPU.Build.0 = Release|Any CPU
		{00000000-0000-0000-0000-000000000007}.Debug|Any CPU.ActiveCfg = Debug|Any CPU
		{00000000-0000-0000-0000-000000000007}.Debug|Any CPU.Build.0 = Debug|Any CPU
		{00000000-0000-0000-0000-000000000007}.Release|Any CPU.ActiveCfg = Release|Any CPU
		{00000000-0000-0000-0000-000000000007}.Release|Any CPU.Build.0 = Release|Any CPU
		{00000000-0000-0000-0000-000000000008}.Debug|Any CPU.ActiveCfg = Debug|Any CPU
		{00000000-0000-0000-0000-000000000008}.Debug|Any CPU.Build.0 = Debug|Any CPU
		{00000000-0000-0000-0000-000000000008}.Release|Any CPU.ActiveCfg = Release|Any CPU
		{00000000-0000-0000-0000-000000000008}.Release|Any CPU.Build.0 = Release|Any CPU
		{00000000-0000-0000-0000-000000000009}.Debug|Any CPU.ActiveCfg = Debug|Any CPU
		{00000000-0000-0000-0000-000000000009}.Debug|Any CPU.Build.0 = Debug|Any CPU
		{00000000-0000-0000-0000-000000000009}.Release|Any CPU.ActiveCfg = Release|Any CPU
		{00000000-0000-0000-0000-000000000009}.Release|Any CPU.Build.0 = Release|Any CPU
		{00000000-0000-0000-0000-000000000010}.Debug|Any CPU.ActiveCfg = Debug|Any CPU
		{00000000-0000-0000-0000-000000000010}.Debug|Any CPU.Build.0 = Debug|Any CPU
		{00000000-0000-0000-0000-000000000010}.Release|Any CPU.ActiveCfg = Release|Any CPU
		{00000000-0000-0000-0000-000000000010}.Release|Any CPU.Build.0 = Release|Any CPU
		{00000000-0000-0000-0000-000000000011}.Debug|Any CPU.ActiveCfg = Debug|Any CPU
		{00000000-0000-0000-0000-000000000011}.Debug|Any CPU.Build.0 = Debug|Any CPU
		{00000000-0000-0000-0000-000000000011}.Release|Any CPU.ActiveCfg = Release|Any CPU
		{00000000-0000-0000-0000-000000000011}.Release|Any CPU.Build.0 = Release|Any CPU
		{00000000-0000-0000-0000-000000000012}.Debug|Any CPU.ActiveCfg = Debug|Any CPU
		{00000000-0000-0000-0000-000000000012}.Debug|Any CPU.Build.0 = Debug|Any CPU
		{00000000-0000-0000-0000-000000000012}.Release|Any CPU.ActiveCfg = Release|Any CPU
		{00000000-0000-0000-0000-000000000012}.Release|Any CPU.Build.0 = Release|Any CPU
		{00000000-0000-0000-0000-000000000013}.Debug|Any CPU.ActiveCfg = Debug|Any CPU
		{00000000-0000-0000-0000-000000000013}.Debug|Any CPU.Build.0 = Debug|Any CPU
		{00000000-0000-0000-0000-000000000013}.Release|Any CPU.ActiveCfg = Release|Any CPU
		{00000000-0000-0000-0000-000000000013}.Release|Any CPU.Build.0 = Release|Any CPU
		{00000000-0000-0000-0000-000000000014}.Debug|Any CPU.ActiveCfg = Debug|Any CPU
		{00000000-0000-0000-0000-000000000014}.Debug|Any CPU.Build.0 = Debug|Any CPU
		{00000000-0000-0000-0000-000000000014}.Release|Any CPU.ActiveCfg = Release|Any CPU
		{00000000-0000-0000-0000-000000000014}.Release|Any CPU.Build.0 = Release|Any CPU
		{00000000-0000-0000-0000-000000000015}.Debug|Any CPU.ActiveCfg = Debug|Any CPU
		{00000000-0000-0000-0000-000000000015}.Debug|Any CPU.Build.0 = Debug|Any CPU
		{00000000-0000-0000-0000-000000000015}.Release|Any CPU.ActiveCfg = Release|Any CPU
		{00000000-0000-0000-0000-000000000015}.Release|Any CPU.Build.0 = Release|Any CPU
		{00000000-0000-0000-0000-000000000016}.Debug|Any CPU.ActiveCfg = Debug|Any CPU
		{00000000-0000-0000-0000-000000000016}.Debug|Any CPU.Build.0 = Debug|Any CPU
		{00000000-0000-0000-0000-000000000016}.Release|Any CPU.ActiveCfg = Release|Any CPU
		{00000000-0000-0000-0000-000000000016}.Release|Any CPU.Build.0 = Release|Any CPU
		{00000000-0000-0000-0000-000000000017}.Debug|Any CPU.ActiveCfg = Debug|Any CPU
		{00000000-0000-0000-0000-000000000017}.Debug|Any CPU.Build.0 = Debug|Any CPU
		{00000000-0000-0000-0000-000000000017}.Release|Any CPU.ActiveCfg = Release|Any CPU
		{00000000-0000-0000-0000-000000000017}.Release|Any CPU.Build.0 = Release|Any CPU
	EndGlobalSection
	GlobalSection(SolutionProperties) = preSolution
		HideSolutionNode = FALSE
	EndGlobalSection
	GlobalSection(NestedProjects) = preSolution
		{00000000-0000-0000-0000-000000000001} = {B1EA8BB4-5AF1-4EAD-B08C-2297C7F534F1}
		{00000000-0000-0000-0000-000000000002} = {9D722455-EC65-42E9-92F8-029F7CB2409A}
		{00000000-0000-0000-0000-000000000003} = {9D722455-EC65-42E9-92F8-029F7CB2409A}
		{00000000-0000-0000-0000-000000000004} = {9D722455-EC65-42E9-92F8-029F7CB2409A}
		{00000000-0000-0000-0000-000000000005} = {9D722455-EC65-42E9-92F8-029F7CB2409A}
		{00000000-0000-0000-0000-000000000006} = {33A8A5E5-FE47-4A85-9A4F-CF5CB485CEF8}
		{00000000-0000-0000-0000-000000000007} = {33A8A5E5-FE47-4A85-9A4F-CF5CB485CEF8}
		{00000000-0000-0000-0000-000000000008} = {33A8A5E5-FE47-4A85-9A4F-CF5CB485CEF8}
		{00000000-0000-0000-0000-000000000009} = {33A8A5E5-FE47-4A85-9A4F-CF5CB485CEF8}
		{00000000-0000-0000-0000-000000000010} = {6BF84001-2107-456D-93A1-C265B8AA56D8}
		{00000000-0000-0000-0000-000000000011} = {6BF84001-2107-456D-93A1-C265B8AA56D8}
		{00000000-0000-0000-0000-000000000012} = {6BF84001-2107-456D-93A1-C265B8AA56D8}
		{00000000-0000-0000-0000-000000000013} = {6BF84001-2107-456D-93A1-C265B8AA56D8}
		{00000000-0000-0000-0000-000000000014} = {A50EE26E-C508-4242-AA85-E4BCB9DDE2E4}
		{00000000-0000-0000-0000-000000000015} = {A50EE26E-C508-4242-AA85-E4BCB9DDE2E4}
		{00000000-0000-0000-0000-000000000016} = {A50EE26E-C508-4242-AA85-E4BCB9DDE2E4}
		{00000000-0000-0000-0000-000000000017} = {A50EE26E-C508-4242-AA85-E4BCB9DDE2E4}
		{33A8A5E5-FE47-4A85-9A4F-CF5CB485CEF8} = {B51A2E7D-88B3-4F45-8492-F6CC12F0CB14}
		{9D722455-EC65-42E9-92F8-029F7CB2409A} = {B51A2E7D-88B3-4F45-8492-F6CC12F0CB14}
		{A50EE26E-C508-4242-AA85-E4BCB9DDE2E4} = {B51A2E7D-88B3-4F45-8492-F6CC12F0CB14}
		{B1EA8BB4-5AF1-4EAD-B08C-2297C7F534F1} = {B51A2E7D-88B3-4F45-8492-F6CC12F0CB14}
		{6BF84001-2107-456D-93A1-C265B8AA56D8} = {B51A2E7D-88B3-4F45-8492-F6CC12F0CB14}
	EndGlobalSection
EndGlobal
